
Microsoft Visual Studio Solution File, Format Version 12.00
# Visual Studio Version 16
VisualStudioVersion = 16.0.30114.105
MinimumVisualStudioVersion = 10.0.40219.1
Project("{FAE04EC0-301F-11D3-BF4B-00C04F79EFBC}") = "API", "API\API.csproj", "{539F2DA4-18A7-4116-A13E-A1915A8074CA}"
EndProject
Project("{FAE04EC0-301F-11D3-BF4B-00C04F79EFBC}") = "Application", "Application\Application.csproj", "{B10A4CE6-5952-4ED8-ABD4-7044D285BED2}"
EndProject
Project("{FAE04EC0-301F-11D3-BF4B-00C04F79EFBC}") = "Domain", "Domain\Domain.csproj", "{1547BAFB-F7F1-413B-88A7-1BA8EAD44C06}"
EndProject
Project("{FAE04EC0-301F-11D3-BF4B-00C04F79EFBC}") = "Persistence", "Persistence\Persistence.csproj", "{843BBED8-16D9-465E-90AB-A82D129E0620}"
EndProject
Global
	GlobalSection(SolutionConfigurationPlatforms) = preSolution
		Debug|Any CPU = Debug|Any CPU
		Debug|x64 = Debug|x64
		Debug|x86 = Debug|x86
		Release|Any CPU = Release|Any CPU
		Release|x64 = Release|x64
		Release|x86 = Release|x86
	EndGlobalSection
	GlobalSection(SolutionProperties) = preSolution
		HideSolutionNode = FALSE
	EndGlobalSection
	GlobalSection(ProjectConfigurationPlatforms) = postSolution
		{539F2DA4-18A7-4116-A13E-A1915A8074CA}.Debug|Any CPU.ActiveCfg = Debug|Any CPU
		{539F2DA4-18A7-4116-A13E-A1915A8074CA}.Debug|Any CPU.Build.0 = Debug|Any CPU
		{539F2DA4-18A7-4116-A13E-A1915A8074CA}.Debug|x64.ActiveCfg = Debug|Any CPU
		{539F2DA4-18A7-4116-A13E-A1915A8074CA}.Debug|x64.Build.0 = Debug|Any CPU
		{539F2DA4-18A7-4116-A13E-A1915A8074CA}.Debug|x86.ActiveCfg = Debug|Any CPU
		{539F2DA4-18A7-4116-A13E-A1915A8074CA}.Debug|x86.Build.0 = Debug|Any CPU
		{539F2DA4-18A7-4116-A13E-A1915A8074CA}.Release|Any CPU.ActiveCfg = Release|Any CPU
		{539F2DA4-18A7-4116-A13E-A1915A8074CA}.Release|Any CPU.Build.0 = Release|Any CPU
		{539F2DA4-18A7-4116-A13E-A1915A8074CA}.Release|x64.ActiveCfg = Release|Any CPU
		{539F2DA4-18A7-4116-A13E-A1915A8074CA}.Release|x64.Build.0 = Release|Any CPU
		{539F2DA4-18A7-4116-A13E-A1915A8074CA}.Release|x86.ActiveCfg = Release|Any CPU
		{539F2DA4-18A7-4116-A13E-A1915A8074CA}.Release|x86.Build.0 = Release|Any CPU
		{B10A4CE6-5952-4ED8-ABD4-7044D285BED2}.Debug|Any CPU.ActiveCfg = Debug|Any CPU
		{B10A4CE6-5952-4ED8-ABD4-7044D285BED2}.Debug|Any CPU.Build.0 = Debug|Any CPU
		{B10A4CE6-5952-4ED8-ABD4-7044D285BED2}.Debug|x64.ActiveCfg = Debug|Any CPU
		{B10A4CE6-5952-4ED8-ABD4-7044D285BED2}.Debug|x64.Build.0 = Debug|Any CPU
		{B10A4CE6-5952-4ED8-ABD4-7044D285BED2}.Debug|x86.ActiveCfg = Debug|Any CPU
		{B10A4CE6-5952-4ED8-ABD4-7044D285BED2}.Debug|x86.Build.0 = Debug|Any CPU
		{B10A4CE6-5952-4ED8-ABD4-7044D285BED2}.Release|Any CPU.ActiveCfg = Release|Any CPU
		{B10A4CE6-5952-4ED8-ABD4-7044D285BED2}.Release|Any CPU.Build.0 = Release|Any CPU
		{B10A4CE6-5952-4ED8-ABD4-7044D285BED2}.Release|x64.ActiveCfg = Release|Any CPU
		{B10A4CE6-5952-4ED8-ABD4-7044D285BED2}.Release|x64.Build.0 = Release|Any CPU
		{B10A4CE6-5952-4ED8-ABD4-7044D285BED2}.Release|x86.ActiveCfg = Release|Any CPU
		{B10A4CE6-5952-4ED8-ABD4-7044D285BED2}.Release|x86.Build.0 = Release|Any CPU
		{1547BAFB-F7F1-413B-88A7-1BA8EAD44C06}.Debug|Any CPU.ActiveCfg = Debug|Any CPU
		{1547BAFB-F7F1-413B-88A7-1BA8EAD44C06}.Debug|Any CPU.Build.0 = Debug|Any CPU
		{1547BAFB-F7F1-413B-88A7-1BA8EAD44C06}.Debug|x64.ActiveCfg = Debug|Any CPU
		{1547BAFB-F7F1-413B-88A7-1BA8EAD44C06}.Debug|x64.Build.0 = Debug|Any CPU
		{1547BAFB-F7F1-413B-88A7-1BA8EAD44C06}.Debug|x86.ActiveCfg = Debug|Any CPU
		{1547BAFB-F7F1-413B-88A7-1BA8EAD44C06}.Debug|x86.Build.0 = Debug|Any CPU
		{1547BAFB-F7F1-413B-88A7-1BA8EAD44C06}.Release|Any CPU.ActiveCfg = Release|Any CPU
		{1547BAFB-F7F1-413B-88A7-1BA8EAD44C06}.Release|Any CPU.Build.0 = Release|Any CPU
		{1547BAFB-F7F1-413B-88A7-1BA8EAD44C06}.Release|x64.ActiveCfg = Release|Any CPU
		{1547BAFB-F7F1-413B-88A7-1BA8EAD44C06}.Release|x64.Build.0 = Release|Any CPU
		{1547BAFB-F7F1-413B-88A7-1BA8EAD44C06}.Release|x86.ActiveCfg = Release|Any CPU
		{1547BAFB-F7F1-413B-88A7-1BA8EAD44C06}.Release|x86.Build.0 = Release|Any CPU
		{843BBED8-16D9-465E-90AB-A82D129E0620}.Debug|Any CPU.ActiveCfg = Debug|Any CPU
		{843BBED8-16D9-465E-90AB-A82D129E0620}.Debug|Any CPU.Build.0 = Debug|Any CPU
		{843BBED8-16D9-465E-90AB-A82D129E0620}.Debug|x64.ActiveCfg = Debug|Any CPU
		{843BBED8-16D9-465E-90AB-A82D129E0620}.Debug|x64.Build.0 = Debug|Any CPU
		{843BBED8-16D9-465E-90AB-A82D129E0620}.Debug|x86.ActiveCfg = Debug|Any CPU
		{843BBED8-16D9-465E-90AB-A82D129E0620}.Debug|x86.Build.0 = Debug|Any CPU
		{843BBED8-16D9-465E-90AB-A82D129E0620}.Release|Any CPU.ActiveCfg = Release|Any CPU
		{843BBED8-16D9-465E-90AB-A82D129E0620}.Release|Any CPU.Build.0 = Release|Any CPU
		{843BBED8-16D9-465E-90AB-A82D129E0620}.Release|x64.ActiveCfg = Release|Any CPU
		{843BBED8-16D9-465E-90AB-A82D129E0620}.Release|x64.Build.0 = Release|Any CPU
		{843BBED8-16D9-465E-90AB-A82D129E0620}.Release|x86.ActiveCfg = Release|Any CPU
		{843BBED8-16D9-465E-90AB-A82D129E0620}.Release|x86.Build.0 = Release|Any CPU
	EndGlobalSection
EndGlobal
